
Microsoft Visual Studio Solution File, Format Version 12.00
# Visual Studio Version 17
VisualStudioVersion = 17.4.33213.308
MinimumVisualStudioVersion = 10.0.40219.1
Project("{9A19103F-16F7-4668-BE54-9A1E7A4F7556}") = "TrainerProject", "TrainerProject.csproj", "{01582E38-DC9A-4C36-BCF9-FC81DDD4BE26}"
EndProject
Project("{9A19103F-16F7-4668-BE54-9A1E7A4F7556}") = "Trainer_Data", "..\Training_Data\Trainer_Data.csproj", "{C6BCEDE0-72E9-4860-BEF2-D3F1531EEBC2}"
EndProject
Project("{FAE04EC0-301F-11D3-BF4B-00C04F79EFBC}") = "BusinessLogic", "..\BusinessLogic\BusinessLogic.csproj", "{6EDA5027-CC62-4E8F-A549-12E03DFCDDC9}"
EndProject
Project("{FAE04EC0-301F-11D3-BF4B-00C04F79EFBC}") = "Models", "..\Models\Models.csproj", "{F282C5B6-23E5-4BAF-89EB-3B8874F5B494}"
EndProject
Project("{FAE04EC0-301F-11D3-BF4B-00C04F79EFBC}") = "DataFluentApi", "..\DataFluentApi\DataFluentApi.csproj", "{4F38FD62-65F3-40D4-9A52-4A5A69C7B0B2}"
EndProject
Global
	GlobalSection(SolutionConfigurationPlatforms) = preSolution
		Debug|Any CPU = Debug|Any CPU
		Release|Any CPU = Release|Any CPU
	EndGlobalSection
	GlobalSection(ProjectConfigurationPlatforms) = postSolution
		{01582E38-DC9A-4C36-BCF9-FC81DDD4BE26}.Debug|Any CPU.ActiveCfg = Debug|Any CPU
		{01582E38-DC9A-4C36-BCF9-FC81DDD4BE26}.Debug|Any CPU.Build.0 = Debug|Any CPU
		{01582E38-DC9A-4C36-BCF9-FC81DDD4BE26}.Release|Any CPU.ActiveCfg = Release|Any CPU
		{01582E38-DC9A-4C36-BCF9-FC81DDD4BE26}.Release|Any CPU.Build.0 = Release|Any CPU
		{C6BCEDE0-72E9-4860-BEF2-D3F1531EEBC2}.Debug|Any CPU.ActiveCfg = Debug|Any CPU
		{C6BCEDE0-72E9-4860-BEF2-D3F1531EEBC2}.Debug|Any CPU.Build.0 = Debug|Any CPU
		{C6BCEDE0-72E9-4860-BEF2-D3F1531EEBC2}.Release|Any CPU.ActiveCfg = Release|Any CPU
		{C6BCEDE0-72E9-4860-BEF2-D3F1531EEBC2}.Release|Any CPU.Build.0 = Release|Any CPU
		{6EDA5027-CC62-4E8F-A549-12E03DFCDDC9}.Debug|Any CPU.ActiveCfg = Debug|Any CPU
		{6EDA5027-CC62-4E8F-A549-12E03DFCDDC9}.Debug|Any CPU.Build.0 = Debug|Any CPU
		{6EDA5027-CC62-4E8F-A549-12E03DFCDDC9}.Release|Any CPU.ActiveCfg = Release|Any CPU
		{6EDA5027-CC62-4E8F-A549-12E03DFCDDC9}.Release|Any CPU.Build.0 = Release|Any CPU
		{F282C5B6-23E5-4BAF-89EB-3B8874F5B494}.Debug|Any CPU.ActiveCfg = Debug|Any CPU
		{F282C5B6-23E5-4BAF-89EB-3B8874F5B494}.Debug|Any CPU.Build.0 = Debug|Any CPU
		{F282C5B6-23E5-4BAF-89EB-3B8874F5B494}.Release|Any CPU.ActiveCfg = Release|Any CPU
		{F282C5B6-23E5-4BAF-89EB-3B8874F5B494}.Release|Any CPU.Build.0 = Release|Any CPU
		{4F38FD62-65F3-40D4-9A52-4A5A69C7B0B2}.Debug|Any CPU.ActiveCfg = Debug|Any CPU
		{4F38FD62-65F3-40D4-9A52-4A5A69C7B0B2}.Debug|Any CPU.Build.0 = Debug|Any CPU
		{4F38FD62-65F3-40D4-9A52-4A5A69C7B0B2}.Release|Any CPU.ActiveCfg = Release|Any CPU
		{4F38FD62-65F3-40D4-9A52-4A5A69C7B0B2}.Release|Any CPU.Build.0 = Release|Any CPU
	EndGlobalSection
	GlobalSection(SolutionProperties) = preSolution
		HideSolutionNode = FALSE
	EndGlobalSection
	GlobalSection(ExtensibilityGlobals) = postSolution
		SolutionGuid = {D31B323A-E53C-43B8-BF5B-EA1506061ECD}
	EndGlobalSection
EndGlobal
